PODS:
  - SendBirdCalls (1.8.0):
    - SendBirdWebRTC (~> 1.4.0)
  - SendBirdWebRTC (1.4.0)

DEPENDENCIES:
  - SendBirdCalls

SPEC REPOS:
  trunk:
    - SendBirdCalls
    - SendBirdWebRTC

SPEC CHECKSUMS:
  SendBirdCalls: 077ae73f002aa1408fe35d7580b45ed544060a65
  SendBirdWebRTC: 385bf08aea051ea4c065303cddbfbe34eca36232

PODFILE CHECKSUM: aff95ca205fae2c69952d9d364f308b89171b43b

COCOAPODS: 1.10.2
