PODS:
  - SendBirdCalls (1.4.0):
    - SendBirdWebRTC
  - SendBirdWebRTC (1.2.0)

DEPENDENCIES:
  - SendBirdCalls

SPEC REPOS:
  trunk:
    - SendBirdCalls
    - SendBirdWebRTC

SPEC CHECKSUMS:
  SendBirdCalls: 28188cf95e5233277ff87ceb7efa7b1cbdf7fe14
  SendBirdWebRTC: 7ba91b10a214ae2f1d99de28b9a70bd68d897511

PODFILE CHECKSUM: 99bd50c05c7b36e82a824e042cab076c4113f6c8

COCOAPODS: 1.9.1
