// !$*UTF8*$!
{
	archiveVersion = 1;
	classes = {
	};
	objectVersion = 52;
	objects = {

/* Begin PBXBuildFile section */
		A91504E8264A0B590035B5E7 /* AppDelegate.swift in Sources */ = {isa = PBXBuildFile; fileRef = A91504E7264A0B590035B5E7 /* AppDelegate.swift */; };
		A91504EC264A0B590035B5E7 /* CallLogTableViewController.swift in Sources */ = {isa = PBXBuildFile; fileRef = A91504EB264A0B590035B5E7 /* CallLogTableViewController.swift */; };
		A91504EF264A0B590035B5E7 /* Main.storyboard in Resources */ = {isa = PBXBuildFile; fileRef = A91504ED264A0B590035B5E7 /* Main.storyboard */; };
		A91504F1264A0B5A0035B5E7 /* Assets.xcassets in Resources */ = {isa = PBXBuildFile; fileRef = A91504F0264A0B5A0035B5E7 /* Assets.xcassets */; };
		A91504F4264A0B5A0035B5E7 /* LaunchScreen.storyboard in Resources */ = {isa = PBXBuildFile; fileRef = A91504F2264A0B5A0035B5E7 /* LaunchScreen.storyboard */; };
		A91504FC264A14950035B5E7 /* Commons in Frameworks */ = {isa = PBXBuildFile; productRef = A91504FB264A14950035B5E7 /* Commons */; };
		A91504FE264A15FB0035B5E7 /* CallLogTableViewCell.swift in Sources */ = {isa = PBXBuildFile; fileRef = A91504FD264A15FB0035B5E7 /* CallLogTableViewCell.swift */; };
		EBBE141A4E6069B4D1D5ED9F /* libPods-CallHistory.a in Frameworks */ = {isa = PBXBuildFile; fileRef = 2D30FD08F7A22A6931EDB017 /* libPods-CallHistory.a */; };
/* End PBXBuildFile section */

/* Begin PBXFileReference section */
		2D30FD08F7A22A6931EDB017 /* libPods-CallHistory.a */ = {isa = PBXFileReference; explicitFileType = archive.ar; includeInIndex = 0; path = "libPods-CallHistory.a"; sourceTree = BUILT_PRODUCTS_DIR; };
		7FC4897E92E8CC1E6C6CC1A9 /* Pods-CallHistory.debug.xcconfig */ = {isa = PBXFileReference; includeInIndex = 1; lastKnownFileType = text.xcconfig; name = "Pods-CallHistory.debug.xcconfig"; path = "Target Support Files/Pods-CallHistory/Pods-CallHistory.debug.xcconfig"; sourceTree = "<group>"; };
		881A6733044DFF9BED987ABE /* Pods-CallHistory.release.xcconfig */ = {isa = PBXFileReference; includeInIndex = 1; lastKnownFileType = text.xcconfig; name = "Pods-CallHistory.release.xcconfig"; path = "Target Support Files/Pods-CallHistory/Pods-CallHistory.release.xcconfig"; sourceTree = "<group>"; };
		A91504E4264A0B590035B5E7 /* CallHistory.app */ = {isa = PBXFileReference; explicitFileType = wrapper.application; includeInIndex = 0; path = CallHistory.app; sourceTree = BUILT_PRODUCTS_DIR; };
		A91504E7264A0B590035B5E7 /* AppDelegate.swift */ = {isa = PBXFileReference; lastKnownFileType = sourcecode.swift; path = AppDelegate.swift; sourceTree = "<group>"; };
		A91504EB264A0B590035B5E7 /* CallLogTableViewController.swift */ = {isa = PBXFileReference; lastKnownFileType = sourcecode.swift; path = CallLogTableViewController.swift; sourceTree = "<group>"; };
		A91504EE264A0B590035B5E7 /* Base */ = {isa = PBXFileReference; lastKnownFileType = file.storyboard; name = Base; path = Base.lproj/Main.storyboard; sourceTree = "<group>"; };
		A91504F0264A0B5A0035B5E7 /* Assets.xcassets */ = {isa = PBXFileReference; lastKnownFileType = folder.assetcatalog; path = Assets.xcassets; sourceTree = "<group>"; };
		A91504F3264A0B5A0035B5E7 /* Base */ = {isa = PBXFileReference; lastKnownFileType = file.storyboard; name = Base; path = Base.lproj/LaunchScreen.storyboard; sourceTree = "<group>"; };
		A91504F5264A0B5A0035B5E7 /* Info.plist */ = {isa = PBXFileReference; lastKnownFileType = text.plist.xml; path = Info.plist; sourceTree = "<group>"; };
		A91504FD264A15FB0035B5E7 /* CallLogTableViewCell.swift */ = {isa = PBXFileReference; lastKnownFileType = sourcecode.swift; path = CallLogTableViewCell.swift; sourceTree = "<group>"; };
/* End PBXFileReference section */

/* Begin PBXFrameworksBuildPhase section */
		A91504E1264A0B590035B5E7 /* Frameworks */ = {
			isa = PBXFrameworksBuildPhase;
			buildActionMask = 2147483647;
			files = (
				EBBE141A4E6069B4D1D5ED9F /* libPods-CallHistory.a in Frameworks */,
				A91504FC264A14950035B5E7 /* Commons in Frameworks */,
			);
			runOnlyForDeploymentPostprocessing = 0;
		};
/* End PBXFrameworksBuildPhase section */

/* Begin PBXGroup section */
		11B41DF328E591B7283EECA9 /* Pods */ = {
			isa = PBXGroup;
			children = (
				7FC4897E92E8CC1E6C6CC1A9 /* Pods-CallHistory.debug.xcconfig */,
				881A6733044DFF9BED987ABE /* Pods-CallHistory.release.xcconfig */,
			);
			name = Pods;
			path = ../Pods;
			sourceTree = "<group>";
		};
		7ABB7C1A69161AA556462CE5 /* Frameworks */ = {
			isa = PBXGroup;
			children = (
				2D30FD08F7A22A6931EDB017 /* libPods-CallHistory.a */,
			);
			name = Frameworks;
			sourceTree = "<group>";
		};
		A91504DB264A0B590035B5E7 = {
			isa = PBXGroup;
			children = (
				A91504E6264A0B590035B5E7 /* CallHistory */,
				A91504E5264A0B590035B5E7 /* Products */,
				11B41DF328E591B7283EECA9 /* Pods */,
				7ABB7C1A69161AA556462CE5 /* Frameworks */,
			);
			sourceTree = "<group>";
		};
		A91504E5264A0B590035B5E7 /* Products */ = {
			isa = PBXGroup;
			children = (
				A91504E4264A0B590035B5E7 /* CallHistory.app */,
			);
			name = Products;
			sourceTree = "<group>";
		};
		A91504E6264A0B590035B5E7 /* CallHistory */ = {
			isa = PBXGroup;
			children = (
				A91504E7264A0B590035B5E7 /* AppDelegate.swift */,
				A91504EB264A0B590035B5E7 /* CallLogTableViewController.swift */,
				A91504FD264A15FB0035B5E7 /* CallLogTableViewCell.swift */,
				A91504ED264A0B590035B5E7 /* Main.storyboard */,
				A91504F0264A0B5A0035B5E7 /* Assets.xcassets */,
				A91504F2264A0B5A0035B5E7 /* LaunchScreen.storyboard */,
				A91504F5264A0B5A0035B5E7 /* Info.plist */,
			);
			path = CallHistory;
			sourceTree = "<group>";
		};
/* End PBXGroup section */

/* Begin PBXNativeTarget section */
		A91504E3264A0B590035B5E7 /* CallHistory */ = {
			isa = PBXNativeTarget;
			buildConfigurationList = A91504F8264A0B5A0035B5E7 /* Build configuration list for PBXNativeTarget "CallHistory" */;
			buildPhases = (
				826708C08740945F7F877846 /* [CP] Check Pods Manifest.lock */,
				A91504E0264A0B590035B5E7 /* Sources */,
				A91504E1264A0B590035B5E7 /* Frameworks */,
				A91504E2264A0B590035B5E7 /* Resources */,
				B1DCA93DF9208DDF0EA912D2 /* [CP] Embed Pods Frameworks */,
			);
			buildRules = (
			);
			dependencies = (
			);
			name = CallHistory;
			packageProductDependencies = (
				A91504FB264A14950035B5E7 /* Commons */,
			);
			productName = CallHistory;
			productReference = A91504E4264A0B590035B5E7 /* CallHistory.app */;
			productType = "com.apple.product-type.application";
		};
/* End PBXNativeTarget section */

/* Begin PBXProject section */
		A91504DC264A0B590035B5E7 /* Project object */ = {
			isa = PBXProject;
			attributes = {
				LastSwiftUpdateCheck = 1250;
				LastUpgradeCheck = 1250;
				TargetAttributes = {
					A91504E3264A0B590035B5E7 = {
						CreatedOnToolsVersion = 12.5;
					};
				};
			};
			buildConfigurationList = A91504DF264A0B590035B5E7 /* Build configuration list for PBXProject "CallHistory" */;
			compatibilityVersion = "Xcode 9.3";
			developmentRegion = en;
			hasScannedForEncodings = 0;
			knownRegions = (
				en,
				Base,
			);
			mainGroup = A91504DB264A0B590035B5E7;
			productRefGroup = A91504E5264A0B590035B5E7 /* Products */;
			projectDirPath = "";
			projectRoot = "";
			targets = (
				A91504E3264A0B590035B5E7 /* CallHistory */,
			);
		};
/* End PBXProject section */

/* Begin PBXResourcesBuildPhase section */
		A91504E2264A0B590035B5E7 /* Resources */ = {
			isa = PBXResourcesBuildPhase;
			buildActionMask = 2147483647;
			files = (
				A91504F4264A0B5A0035B5E7 /* LaunchScreen.storyboard in Resources */,
				A91504F1264A0B5A0035B5E7 /* Assets.xcassets in Resources */,
				A91504EF264A0B590035B5E7 /* Main.storyboard in Resources */,
			);
			runOnlyForDeploymentPostprocessing = 0;
		};
/* End PBXResourcesBuildPhase section */

/* Begin PBXShellScriptBuildPhase section */
		826708C08740945F7F877846 /* [CP] Check Pods Manifest.lock */ = {
			isa = PBXShellScriptBuildPhase;
			buildActionMask = 2147483647;
			files = (
			);
			inputFileListPaths = (
			);
			inputPaths = (
				"${PODS_PODFILE_DIR_PATH}/Podfile.lock",
				"${PODS_ROOT}/Manifest.lock",
			);
			name = "[CP] Check Pods Manifest.lock";
			outputFileListPaths = (
			);
			outputPaths = (
				"$(DERIVED_FILE_DIR)/Pods-CallHistory-checkManifestLockResult.txt",
			);
			runOnlyForDeploymentPostprocessing = 0;
			shellPath = /bin/sh;
			shellScript = "diff \"${PODS_PODFILE_DIR_PATH}/Podfile.lock\" \"${PODS_ROOT}/Manifest.lock\" > /dev/null\nif [ $? != 0 ] ; then\n    # print error to STDERR\n    echo \"error: The sandbox is not in sync with the Podfile.lock. Run 'pod install' or update your CocoaPods installation.\" >&2\n    exit 1\nfi\n# This output is used by Xcode 'outputs' to avoid re-running this script phase.\necho \"SUCCESS\" > \"${SCRIPT_OUTPUT_FILE_0}\"\n";
			showEnvVarsInLog = 0;
		};
		B1DCA93DF9208DDF0EA912D2 /* [CP] Embed Pods Frameworks */ = {
			isa = PBXShellScriptBuildPhase;
			buildActionMask = 2147483647;
			files = (
			);
			inputFileListPaths = (
				"${PODS_ROOT}/Target Support Files/Pods-CallHistory/Pods-CallHistory-frameworks-${CONFIGURATION}-input-files.xcfilelist",
			);
			name = "[CP] Embed Pods Frameworks";
			outputFileListPaths = (
				"${PODS_ROOT}/Target Support Files/Pods-CallHistory/Pods-CallHistory-frameworks-${CONFIGURATION}-output-files.xcfilelist",
			);
			runOnlyForDeploymentPostprocessing = 0;
			shellPath = /bin/sh;
			shellScript = "\"${PODS_ROOT}/Target Support Files/Pods-CallHistory/Pods-CallHistory-frameworks.sh\"\n";
			showEnvVarsInLog = 0;
		};
/* End PBXShellScriptBuildPhase section */

/* Begin PBXSourcesBuildPhase section */
		A91504E0264A0B590035B5E7 /* Sources */ = {
			isa = PBXSourcesBuildPhase;
			buildActionMask = 2147483647;
			files = (
				A91504EC264A0B590035B5E7 /* CallLogTableViewController.swift in Sources */,
				A91504E8264A0B590035B5E7 /* AppDelegate.swift in Sources */,
				A91504FE264A15FB0035B5E7 /* CallLogTableViewCell.swift in Sources */,
			);
			runOnlyForDeploymentPostprocessing = 0;
		};
/* End PBXSourcesBuildPhase section */

/* Begin PBXVariantGroup section */
		A91504ED264A0B590035B5E7 /* Main.storyboard */ = {
			isa = PBXVariantGroup;
			children = (
				A91504EE264A0B590035B5E7 /* Base */,
			);
			name = Main.storyboard;
			sourceTree = "<group>";
		};
		A91504F2264A0B5A0035B5E7 /* LaunchScreen.storyboard */ = {
			isa = PBXVariantGroup;
			children = (
				A91504F3264A0B5A0035B5E7 /* Base */,
			);
			name = LaunchScreen.storyboard;
			sourceTree = "<group>";
		};
/* End PBXVariantGroup section */

/* Begin XCBuildConfiguration section */
		A91504F6264A0B5A0035B5E7 /* Debug */ = {
			isa = XCBuildConfiguration;
			buildSettings = {
				ALWAYS_SEARCH_USER_PATHS = NO;
				CLANG_ANALYZER_NONNULL = YES;
				CLANG_ANALYZER_NUMBER_OBJECT_CONVERSION = YES_AGGRESSIVE;
				CLANG_CXX_LANGUAGE_STANDARD = "gnu++14";
				CLANG_CXX_LIBRARY = "libc++";
				CLANG_ENABLE_MODULES = YES;
				CLANG_ENABLE_OBJC_ARC = YES;
				CLANG_ENABLE_OBJC_WEAK = YES;
				CLANG_WARN_BLOCK_CAPTURE_AUTORELEASING = YES;
				CLANG_WARN_BOOL_CONVERSION = YES;
				CLANG_WARN_COMMA = YES;
				CLANG_WARN_CONSTANT_CONVERSION = YES;
				CLANG_WARN_DEPRECATED_OBJC_IMPLEMENTATIONS = YES;
				CLANG_WARN_DIRECT_OBJC_ISA_USAGE = YES_ERROR;
				CLANG_WARN_DOCUMENTATION_COMMENTS = YES;
				CLANG_WARN_EMPTY_BODY = YES;
				CLANG_WARN_ENUM_CONVERSION = YES;
				CLANG_WARN_INFINITE_RECURSION = YES;
				CLANG_WARN_INT_CONVERSION = YES;
				CLANG_WARN_NON_LITERAL_NULL_CONVERSION = YES;
				CLANG_WARN_OBJC_IMPLICIT_RETAIN_SELF = YES;
				CLANG_WARN_OBJC_LITERAL_CONVERSION = YES;
				CLANG_WARN_OBJC_ROOT_CLASS = YES_ERROR;
				CLANG_WARN_QUOTED_INCLUDE_IN_FRAMEWORK_HEADER = YES;
				CLANG_WARN_RANGE_LOOP_ANALYSIS = YES;
				CLANG_WARN_STRICT_PROTOTYPES = YES;
				CLANG_WARN_SUSPICIOUS_MOVE = YES;
				CLANG_WARN_UNGUARDED_AVAILABILITY = YES_AGGRESSIVE;
				CLANG_WARN_UNREACHABLE_CODE = YES;
				CLANG_WARN__DUPLICATE_METHOD_MATCH = YES;
				COPY_PHASE_STRIP = NO;
				DEBUG_INFORMATION_FORMAT = dwarf;
				ENABLE_STRICT_OBJC_MSGSEND = YES;
				ENABLE_TESTABILITY = YES;
				GCC_C_LANGUAGE_STANDARD = gnu11;
				GCC_DYNAMIC_NO_PIC = NO;
				GCC_NO_COMMON_BLOCKS = YES;
				GCC_OPTIMIZATION_LEVEL = 0;
				GCC_PREPROCESSOR_DEFINITIONS = (
					"DEBUG=1",
					"$(inherited)",
				);
				GCC_WARN_64_TO_32_BIT_CONVERSION = YES;
				GCC_WARN_ABOUT_RETURN_TYPE = YES_ERROR;
				GCC_WARN_UNDECLARED_SELECTOR = YES;
				GCC_WARN_UNINITIALIZED_AUTOS = YES_AGGRESSIVE;
				GCC_WARN_UNUSED_FUNCTION = YES;
				GCC_WARN_UNUSED_VARIABLE = YES;
				IPHONEOS_DEPLOYMENT_TARGET = 14.5;
				MTL_ENABLE_DEBUG_INFO = INCLUDE_SOURCE;
				MTL_FAST_MATH = YES;
				ONLY_ACTIVE_ARCH = YES;
				SDKROOT = iphoneos;
				SWIFT_ACTIVE_COMPILATION_CONDITIONS = DEBUG;
				SWIFT_OPTIMIZATION_LEVEL = "-Onone";
			};
			name = Debug;
		};
		A91504F7264A0B5A0035B5E7 /* Release */ = {
			isa = XCBuildConfiguration;
			buildSettings = {
				ALWAYS_SEARCH_USER_PATHS = NO;
				CLANG_ANALYZER_NONNULL = YES;
				CLANG_ANALYZER_NUMBER_OBJECT_CONVERSION = YES_AGGRESSIVE;
				CLANG_CXX_LANGUAGE_STANDARD = "gnu++14";
				CLANG_CXX_LIBRARY = "libc++";
				CLANG_ENABLE_MODULES = YES;
				CLANG_ENABLE_OBJC_ARC = YES;
				CLANG_ENABLE_OBJC_WEAK = YES;
				CLANG_WARN_BLOCK_CAPTURE_AUTORELEASING = YES;
				CLANG_WARN_BOOL_CONVERSION = YES;
				CLANG_WARN_COMMA = YES;
				CLANG_WARN_CONSTANT_CONVERSION = YES;
				CLANG_WARN_DEPRECATED_OBJC_IMPLEMENTATIONS = YES;
				CLANG_WARN_DIRECT_OBJC_ISA_USAGE = YES_ERROR;
				CLANG_WARN_DOCUMENTATION_COMMENTS = YES;
				CLANG_WARN_EMPTY_BODY = YES;
				CLANG_WARN_ENUM_CONVERSION = YES;
				CLANG_WARN_INFINITE_RECURSION = YES;
				CLANG_WARN_INT_CONVERSION = YES;
				CLANG_WARN_NON_LITERAL_NULL_CONVERSION = YES;
				CLANG_WARN_OBJC_IMPLICIT_RETAIN_SELF = YES;
				CLANG_WARN_OBJC_LITERAL_CONVERSION = YES;
				CLANG_WARN_OBJC_ROOT_CLASS = YES_ERROR;
				CLANG_WARN_QUOTED_INCLUDE_IN_FRAMEWORK_HEADER = YES;
				CLANG_WARN_RANGE_LOOP_ANALYSIS = YES;
				CLANG_WARN_STRICT_PROTOTYPES = YES;
				CLANG_WARN_SUSPICIOUS_MOVE = YES;
				CLANG_WARN_UNGUARDED_AVAILABILITY = YES_AGGRESSIVE;
				CLANG_WARN_UNREACHABLE_CODE = YES;
				CLANG_WARN__DUPLICATE_METHOD_MATCH = YES;
				COPY_PHASE_STRIP = NO;
				DEBUG_INFORMATION_FORMAT = "dwarf-with-dsym";
				ENABLE_NS_ASSERTIONS = NO;
				ENABLE_STRICT_OBJC_MSGSEND = YES;
				GCC_C_LANGUAGE_STANDARD = gnu11;
				GCC_NO_COMMON_BLOCKS = YES;
				GCC_WARN_64_TO_32_BIT_CONVERSION = YES;
				GCC_WARN_ABOUT_RETURN_TYPE = YES_ERROR;
				GCC_WARN_UNDECLARED_SELECTOR = YES;
				GCC_WARN_UNINITIALIZED_AUTOS = YES_AGGRESSIVE;
				GCC_WARN_UNUSED_FUNCTION = YES;
				GCC_WARN_UNUSED_VARIABLE = YES;
				IPHONEOS_DEPLOYMENT_TARGET = 14.5;
				MTL_ENABLE_DEBUG_INFO = NO;
				MTL_FAST_MATH = YES;
				SDKROOT = iphoneos;
				SWIFT_COMPILATION_MODE = wholemodule;
				SWIFT_OPTIMIZATION_LEVEL = "-O";
				VALIDATE_PRODUCT = YES;
			};
			name = Release;
		};
		A91504F9264A0B5A0035B5E7 /* Debug */ = {
			isa = XCBuildConfiguration;
			baseConfigurationReference = 7FC4897E92E8CC1E6C6CC1A9 /* Pods-CallHistory.debug.xcconfig */;
			buildSettings = {
				ASSETCATALOG_COMPILER_APPICON_NAME = AppIcon;
				ASSETCATALOG_COMPILER_GLOBAL_ACCENT_COLOR_NAME = AccentColor;
				CODE_SIGN_STYLE = Automatic;
				DEVELOPMENT_TEAM = RM4A5PXTUX;
				INFOPLIST_FILE = CallHistory/Info.plist;
				LD_RUNPATH_SEARCH_PATHS = (
					"$(inherited)",
					"@executable_path/Frameworks",
				);
				MARKETING_VERSION = 1.0.0;
				PRODUCT_BUNDLE_IDENTIFIER = com.sendbird.calls.quickstart.example.callhistory;
				PRODUCT_NAME = "$(TARGET_NAME)";
				SWIFT_VERSION = 5.0;
				TARGETED_DEVICE_FAMILY = "1,2";
			};
			name = Debug;
		};
		A91504FA264A0B5A0035B5E7 /* Release */ = {
			isa = XCBuildConfiguration;
			baseConfigurationReference = 881A6733044DFF9BED987ABE /* Pods-CallHistory.release.xcconfig */;
			buildSettings = {
				ASSETCATALOG_COMPILER_APPICON_NAME = AppIcon;
				ASSETCATALOG_COMPILER_GLOBAL_ACCENT_COLOR_NAME = AccentColor;
				CODE_SIGN_STYLE = Automatic;
				DEVELOPMENT_TEAM = RM4A5PXTUX;
				INFOPLIST_FILE = CallHistory/Info.plist;
				LD_RUNPATH_SEARCH_PATHS = (
					"$(inherited)",
					"@executable_path/Frameworks",
				);
				MARKETING_VERSION = 1.0.0;
				PRODUCT_BUNDLE_IDENTIFIER = com.sendbird.calls.quickstart.example.callhistory;
				PRODUCT_NAME = "$(TARGET_NAME)";
				SWIFT_VERSION = 5.0;
				TARGETED_DEVICE_FAMILY = "1,2";
			};
			name = Release;
		};
/* End XCBuildConfiguration section */

/* Begin XCConfigurationList section */
		A91504DF264A0B590035B5E7 /* Build configuration list for PBXProject "CallHistory" */ = {
			isa = XCConfigurationList;
			buildConfigurations = (
				A91504F6264A0B5A0035B5E7 /* Debug */,
				A91504F7264A0B5A0035B5E7 /* Release */,
			);
			defaultConfigurationIsVisible = 0;
			defaultConfigurationName = Release;
		};
		A91504F8264A0B5A0035B5E7 /* Build configuration list for PBXNativeTarget "CallHistory" */ = {
			isa = XCConfigurationList;
			buildConfigurations = (
				A91504F9264A0B5A0035B5E7 /* Debug */,
				A91504FA264A0B5A0035B5E7 /* Release */,
			);
			defaultConfigurationIsVisible = 0;
			defaultConfigurationName = Release;
		};
/* End XCConfigurationList section */

/* Begin XCSwiftPackageProductDependency section */
		A91504FB264A14950035B5E7 /* Commons */ = {
			isa = XCSwiftPackageProductDependency;
			productName = Commons;
		};
/* End XCSwiftPackageProductDependency section */
	};
	rootObject = A91504DC264A0B590035B5E7 /* Project object */;
}
